// !$*UTF8*$!
{
	archiveVersion = 1;
	classes = {
	};
	objectVersion = 50;
	objects = {

/* Begin PBXBuildFile section */
		0B66766E996EF96374590067 /* Pods_Unit_Tests.framework in Frameworks */ = {isa = PBXBuildFile; fileRef = 8E7BD66A2542A695AA97819B /* Pods_Unit_Tests.framework */; };
		97FB2F093A4A90240417D18E /* Pods_Happy_App.framework in Frameworks */ = {isa = PBXBuildFile; fileRef = 5D3E4F3643FFAA3B52FE5D75 /* Pods_Happy_App.framework */; };
		B56AC4FA20C324AE00111D65 /* LaunchScreen.storyboard in Resources */ = {isa = PBXBuildFile; fileRef = B56AC4F920C324AE00111D65 /* LaunchScreen.storyboard */; };
		B56AC50A20C32CD300111D65 /* main.swift in Sources */ = {isa = PBXBuildFile; fileRef = B56AC50920C32CD300111D65 /* main.swift */; };
		B56AC50C20C32D7700111D65 /* UnitTestsAppDelegate.swift in Sources */ = {isa = PBXBuildFile; fileRef = B56AC50B20C32D7700111D65 /* UnitTestsAppDelegate.swift */; };
		B593A22020F1640A0010BE53 /* DataFetcher.swift in Sources */ = {isa = PBXBuildFile; fileRef = B593A21F20F1640A0010BE53 /* DataFetcher.swift */; };
		B593A22220F164300010BE53 /* DataFetcherTests.swift in Sources */ = {isa = PBXBuildFile; fileRef = B593A22120F164300010BE53 /* DataFetcherTests.swift */; };
		B593A22420F167D60010BE53 /* MockDataFetcherInvalid.swift in Sources */ = {isa = PBXBuildFile; fileRef = B593A22320F167D60010BE53 /* MockDataFetcherInvalid.swift */; };
		B593A22620F169410010BE53 /* MockDataFetcher.swift in Sources */ = {isa = PBXBuildFile; fileRef = B593A22520F169410010BE53 /* MockDataFetcher.swift */; };
		B593A22820F170420010BE53 /* HappinessStatus.swift in Sources */ = {isa = PBXBuildFile; fileRef = B593A22720F170420010BE53 /* HappinessStatus.swift */; };
		B593A22A20F1724A0010BE53 /* happiness_status.json in Resources */ = {isa = PBXBuildFile; fileRef = B593A22920F1724A0010BE53 /* happiness_status.json */; };
		B593A22C20F1769C0010BE53 /* DataPusherTests.swift in Sources */ = {isa = PBXBuildFile; fileRef = B593A22B20F1769C0010BE53 /* DataPusherTests.swift */; };
		B593A22E20F177A10010BE53 /* DataPusher.swift in Sources */ = {isa = PBXBuildFile; fileRef = B593A22D20F177A10010BE53 /* DataPusher.swift */; };
		B5CD81B720EE7418009E0AD9 /* DataProviderTests.swift in Sources */ = {isa = PBXBuildFile; fileRef = B5CD81B620EE7418009E0AD9 /* DataProviderTests.swift */; };
		B5CD81BA20EE7766009E0AD9 /* DataProvider.swift in Sources */ = {isa = PBXBuildFile; fileRef = B5CD81B920EE7766009E0AD9 /* DataProvider.swift */; };
		B5CD81BC20EE77A2009E0AD9 /* Result.swift in Sources */ = {isa = PBXBuildFile; fileRef = B5CD81BB20EE77A2009E0AD9 /* Result.swift */; };
		B5ED4B172091D165004FCD01 /* AppDelegate.swift in Sources */ = {isa = PBXBuildFile; fileRef = B5ED4B162091D165004FCD01 /* AppDelegate.swift */; };
		B5ED4B1E2091D166004FCD01 /* Assets.xcassets in Resources */ = {isa = PBXBuildFile; fileRef = B5ED4B1D2091D166004FCD01 /* Assets.xcassets */; };
/* End PBXBuildFile section */

/* Begin PBXContainerItemProxy section */
		B56AC50420C32BD200111D65 /* PBXContainerItemProxy */ = {
			isa = PBXContainerItemProxy;
			containerPortal = B5ED4B0B2091D165004FCD01 /* Project object */;
			proxyType = 1;
			remoteGlobalIDString = B5ED4B122091D165004FCD01;
			remoteInfo = "Happy App";
		};
/* End PBXContainerItemProxy section */

/* Begin PBXFileReference section */
		16448F3080A8319D6060F4AF /* Pods-Unit Tests.release.xcconfig */ = {isa = PBXFileReference; includeInIndex = 1; lastKnownFileType = text.xcconfig; name = "Pods-Unit Tests.release.xcconfig"; path = "Pods/Target Support Files/Pods-Unit Tests/Pods-Unit Tests.release.xcconfig"; sourceTree = "<group>"; };
		2B79FCC9BB2859C765F08850 /* Pods-Happy App.debug.xcconfig */ = {isa = PBXFileReference; includeInIndex = 1; lastKnownFileType = text.xcconfig; name = "Pods-Happy App.debug.xcconfig"; path = "Pods/Target Support Files/Pods-Happy App/Pods-Happy App.debug.xcconfig"; sourceTree = "<group>"; };
		5D3E4F3643FFAA3B52FE5D75 /* Pods_Happy_App.framework */ = {isa = PBXFileReference; explicitFileType = wrapper.framework; includeInIndex = 0; path = Pods_Happy_App.framework; sourceTree = BUILT_PRODUCTS_DIR; };
		8E7BD66A2542A695AA97819B /* Pods_Unit_Tests.framework */ = {isa = PBXFileReference; explicitFileType = wrapper.framework; includeInIndex = 0; path = Pods_Unit_Tests.framework; sourceTree = BUILT_PRODUCTS_DIR; };
		B56AC4F920C324AE00111D65 /* LaunchScreen.storyboard */ = {isa = PBXFileReference; fileEncoding = 4; lastKnownFileType = file.storyboard; path = LaunchScreen.storyboard; sourceTree = "<group>"; };
		B56AC4FF20C32BD200111D65 /* Unit Tests.xctest */ = {isa = PBXFileReference; explicitFileType = wrapper.cfbundle; includeInIndex = 0; path = "Unit Tests.xctest"; sourceTree = BUILT_PRODUCTS_DIR; };
		B56AC50320C32BD200111D65 /* Info.plist */ = {isa = PBXFileReference; lastKnownFileType = text.plist.xml; path = Info.plist; sourceTree = "<group>"; };
		B56AC50920C32CD300111D65 /* main.swift */ = {isa = PBXFileReference; lastKnownFileType = sourcecode.swift; path = main.swift; sourceTree = "<group>"; };
		B56AC50B20C32D7700111D65 /* UnitTestsAppDelegate.swift */ = {isa = PBXFileReference; lastKnownFileType = sourcecode.swift; path = UnitTestsAppDelegate.swift; sourceTree = "<group>"; };
		B593A21F20F1640A0010BE53 /* DataFetcher.swift */ = {isa = PBXFileReference; lastKnownFileType = sourcecode.swift; path = DataFetcher.swift; sourceTree = "<group>"; };
		B593A22120F164300010BE53 /* DataFetcherTests.swift */ = {isa = PBXFileReference; lastKnownFileType = sourcecode.swift; path = DataFetcherTests.swift; sourceTree = "<group>"; };
		B593A22320F167D60010BE53 /* MockDataFetcherInvalid.swift */ = {isa = PBXFileReference; lastKnownFileType = sourcecode.swift; path = MockDataFetcherInvalid.swift; sourceTree = "<group>"; };
		B593A22520F169410010BE53 /* MockDataFetcher.swift */ = {isa = PBXFileReference; lastKnownFileType = sourcecode.swift; path = MockDataFetcher.swift; sourceTree = "<group>"; };
		B593A22720F170420010BE53 /* HappinessStatus.swift */ = {isa = PBXFileReference; lastKnownFileType = sourcecode.swift; path = HappinessStatus.swift; sourceTree = "<group>"; };
		B593A22920F1724A0010BE53 /* happiness_status.json */ = {isa = PBXFileReference; lastKnownFileType = text.json; path = happiness_status.json; sourceTree = "<group>"; };
		B593A22B20F1769C0010BE53 /* DataPusherTests.swift */ = {isa = PBXFileReference; lastKnownFileType = sourcecode.swift; path = DataPusherTests.swift; sourceTree = "<group>"; };
		B593A22D20F177A10010BE53 /* DataPusher.swift */ = {isa = PBXFileReference; lastKnownFileType = sourcecode.swift; path = DataPusher.swift; sourceTree = "<group>"; };
		B5CD81B220EE7352009E0AD9 /* README.md */ = {isa = PBXFileReference; lastKnownFileType = net.daringfireball.markdown; path = README.md; sourceTree = "<group>"; };
		B5CD81B620EE7418009E0AD9 /* DataProviderTests.swift */ = {isa = PBXFileReference; lastKnownFileType = sourcecode.swift; path = DataProviderTests.swift; sourceTree = "<group>"; };
		B5CD81B920EE7766009E0AD9 /* DataProvider.swift */ = {isa = PBXFileReference; lastKnownFileType = sourcecode.swift; path = DataProvider.swift; sourceTree = "<group>"; };
		B5CD81BB20EE77A2009E0AD9 /* Result.swift */ = {isa = PBXFileReference; lastKnownFileType = sourcecode.swift; path = Result.swift; sourceTree = "<group>"; };
		B5ED4B132091D165004FCD01 /* Happy App.app */ = {isa = PBXFileReference; explicitFileType = wrapper.application; includeInIndex = 0; path = "Happy App.app"; sourceTree = BUILT_PRODUCTS_DIR; };
		B5ED4B162091D165004FCD01 /* AppDelegate.swift */ = {isa = PBXFileReference; lastKnownFileType = sourcecode.swift; path = AppDelegate.swift; sourceTree = "<group>"; };
		B5ED4B1D2091D166004FCD01 /* Assets.xcassets */ = {isa = PBXFileReference; lastKnownFileType = folder.assetcatalog; path = Assets.xcassets; sourceTree = "<group>"; };
		B5ED4B222091D166004FCD01 /* Info.plist */ = {isa = PBXFileReference; lastKnownFileType = text.plist.xml; path = Info.plist; sourceTree = "<group>"; };
		C0D65A52FCEA28164AE243E9 /* Pods-Happy App.release.xcconfig */ = {isa = PBXFileReference; includeInIndex = 1; lastKnownFileType = text.xcconfig; name = "Pods-Happy App.release.xcconfig"; path = "Pods/Target Support Files/Pods-Happy App/Pods-Happy App.release.xcconfig"; sourceTree = "<group>"; };
		C74301E44E4F3D21DD3F2320 /* Pods-Unit Tests.debug.xcconfig */ = {isa = PBXFileReference; includeInIndex = 1; lastKnownFileType = text.xcconfig; name = "Pods-Unit Tests.debug.xcconfig"; path = "Pods/Target Support Files/Pods-Unit Tests/Pods-Unit Tests.debug.xcconfig"; sourceTree = "<group>"; };
/* End PBXFileReference section */

/* Begin PBXFrameworksBuildPhase section */
		B56AC4FC20C32BD200111D65 /* Frameworks */ = {
			isa = PBXFrameworksBuildPhase;
			buildActionMask = 2147483647;
			files = (
				0B66766E996EF96374590067 /* Pods_Unit_Tests.framework in Frameworks */,
			);
			runOnlyForDeploymentPostprocessing = 0;
		};
		B5ED4B102091D165004FCD01 /* Frameworks */ = {
			isa = PBXFrameworksBuildPhase;
			buildActionMask = 2147483647;
			files = (
				97FB2F093A4A90240417D18E /* Pods_Happy_App.framework in Frameworks */,
			);
			runOnlyForDeploymentPostprocessing = 0;
		};
/* End PBXFrameworksBuildPhase section */

/* Begin PBXGroup section */
		7F0C34A71D3D198C933C9253 /* Pods */ = {
			isa = PBXGroup;
			children = (
				2B79FCC9BB2859C765F08850 /* Pods-Happy App.debug.xcconfig */,
				C0D65A52FCEA28164AE243E9 /* Pods-Happy App.release.xcconfig */,
				C74301E44E4F3D21DD3F2320 /* Pods-Unit Tests.debug.xcconfig */,
				16448F3080A8319D6060F4AF /* Pods-Unit Tests.release.xcconfig */,
			);
			name = Pods;
			sourceTree = "<group>";
		};
		B56AC4F120C31FDB00111D65 /* Source */ = {
			isa = PBXGroup;
			children = (
				B56AC50D20C32DBA00111D65 /* Core */,
				B5CD81B820EE7755009E0AD9 /* Data */,
			);
			path = Source;
			sourceTree = "<group>";
		};
		B56AC4F220C31FE000111D65 /* Assets */ = {
			isa = PBXGroup;
			children = (
				B5ED4B1D2091D166004FCD01 /* Assets.xcassets */,
				B56AC4F920C324AE00111D65 /* LaunchScreen.storyboard */,
			);
			path = Assets;
			sourceTree = "<group>";
		};
		B56AC4F320C31FE500111D65 /* Supporting Files */ = {
			isa = PBXGroup;
			children = (
				B5ED4B222091D166004FCD01 /* Info.plist */,
			);
			path = "Supporting Files";
			sourceTree = "<group>";
		};
		B56AC50020C32BD200111D65 /* Unit Tests */ = {
			isa = PBXGroup;
			children = (
				B56AC50E20C32DFF00111D65 /* Source */,
				B5CD81B320EE73A1009E0AD9 /* Assets */,
				B56AC50F20C32E0500111D65 /* Supporting Files */,
			);
			path = "Unit Tests";
			sourceTree = "<group>";
		};
		B56AC50D20C32DBA00111D65 /* Core */ = {
			isa = PBXGroup;
			children = (
				B56AC50920C32CD300111D65 /* main.swift */,
				B5ED4B162091D165004FCD01 /* AppDelegate.swift */,
				B56AC50B20C32D7700111D65 /* UnitTestsAppDelegate.swift */,
				B5CD81BB20EE77A2009E0AD9 /* Result.swift */,
			);
			path = Core;
			sourceTree = "<group>";
		};
		B56AC50E20C32DFF00111D65 /* Source */ = {
			isa = PBXGroup;
			children = (
				B5CD81B420EE73BA009E0AD9 /* Mock */,
				B5CD81B520EE73C2009E0AD9 /* Data */,
			);
			path = Source;
			sourceTree = "<group>";
		};
		B56AC50F20C32E0500111D65 /* Supporting Files */ = {
			isa = PBXGroup;
			children = (
				B56AC50320C32BD200111D65 /* Info.plist */,
			);
			path = "Supporting Files";
			sourceTree = "<group>";
		};
		B5CD81B320EE73A1009E0AD9 /* Assets */ = {
			isa = PBXGroup;
			children = (
				B593A22920F1724A0010BE53 /* happiness_status.json */,
			);
			path = Assets;
			sourceTree = "<group>";
		};
		B5CD81B420EE73BA009E0AD9 /* Mock */ = {
			isa = PBXGroup;
			children = (
				B593A22320F167D60010BE53 /* MockDataFetcherInvalid.swift */,
				B593A22520F169410010BE53 /* MockDataFetcher.swift */,
			);
			path = Mock;
			sourceTree = "<group>";
		};
		B5CD81B520EE73C2009E0AD9 /* Data */ = {
			isa = PBXGroup;
			children = (
				B593A22120F164300010BE53 /* DataFetcherTests.swift */,
				B5CD81B620EE7418009E0AD9 /* DataProviderTests.swift */,
				B593A22B20F1769C0010BE53 /* DataPusherTests.swift */,
			);
			path = Data;
			sourceTree = "<group>";
		};
		B5CD81B820EE7755009E0AD9 /* Data */ = {
			isa = PBXGroup;
			children = (
				B593A22720F170420010BE53 /* HappinessStatus.swift */,
				B5CD81B920EE7766009E0AD9 /* DataProvider.swift */,
				B593A21F20F1640A0010BE53 /* DataFetcher.swift */,
				B593A22D20F177A10010BE53 /* DataPusher.swift */,
			);
			path = Data;
			sourceTree = "<group>";
		};
		B5ED4B0A2091D165004FCD01 = {
			isa = PBXGroup;
			children = (
				B5CD81B220EE7352009E0AD9 /* README.md */,
				B5ED4B152091D165004FCD01 /* Happy App */,
				B5ED4B142091D165004FCD01 /* Products */,
				7F0C34A71D3D198C933C9253 /* Pods */,
				EBF224CFD79B834C85EECC4E /* Frameworks */,
			);
			sourceTree = "<group>";
		};
		B5ED4B142091D165004FCD01 /* Products */ = {
			isa = PBXGroup;
			children = (
				B5ED4B132091D165004FCD01 /* Happy App.app */,
				B56AC4FF20C32BD200111D65 /* Unit Tests.xctest */,
			);
			name = Products;
			sourceTree = "<group>";
		};
		B5ED4B152091D165004FCD01 /* Happy App */ = {
			isa = PBXGroup;
			children = (
				B56AC4F120C31FDB00111D65 /* Source */,
				B56AC4F220C31FE000111D65 /* Assets */,
				B56AC4F320C31FE500111D65 /* Supporting Files */,
				B56AC50020C32BD200111D65 /* Unit Tests */,
			);
			path = "Happy App";
			sourceTree = "<group>";
		};
		EBF224CFD79B834C85EECC4E /* Frameworks */ = {
			isa = PBXGroup;
			children = (
				5D3E4F3643FFAA3B52FE5D75 /* Pods_Happy_App.framework */,
				8E7BD66A2542A695AA97819B /* Pods_Unit_Tests.framework */,
			);
			name = Frameworks;
			sourceTree = "<group>";
		};
/* End PBXGroup section */

/* Begin PBXNativeTarget section */
		B56AC4FE20C32BD200111D65 /* Unit Tests */ = {
			isa = PBXNativeTarget;
			buildConfigurationList = B56AC50620C32BD200111D65 /* Build configuration list for PBXNativeTarget "Unit Tests" */;
			buildPhases = (
				4FC7A5F0E4C2E16CF2ABA261 /* [CP] Check Pods Manifest.lock */,
				B56AC4FB20C32BD200111D65 /* Sources */,
				B56AC4FC20C32BD200111D65 /* Frameworks */,
				B56AC4FD20C32BD200111D65 /* Resources */,
				67F9A6BC67BBA65EFA21B3BE /* [CP] Embed Pods Frameworks */,
			);
			buildRules = (
			);
			dependencies = (
				B56AC50520C32BD200111D65 /* PBXTargetDependency */,
			);
			name = "Unit Tests";
			productName = "Unit Tests";
			productReference = B56AC4FF20C32BD200111D65 /* Unit Tests.xctest */;
			productType = "com.apple.product-type.bundle.unit-test";
		};
		B5ED4B122091D165004FCD01 /* Happy App */ = {
			isa = PBXNativeTarget;
			buildConfigurationList = B5ED4B302091D166004FCD01 /* Build configuration list for PBXNativeTarget "Happy App" */;
			buildPhases = (
				30FFB93161D4FD22088AF697 /* [CP] Check Pods Manifest.lock */,
				B5C8268820C8474200E54635 /* run_swiftlint.sh */,
				B5ED4B0F2091D165004FCD01 /* Sources */,
				B5ED4B102091D165004FCD01 /* Frameworks */,
				B5ED4B112091D165004FCD01 /* Resources */,
				31894BCCB9E0F33EA72DF690 /* [CP] Embed Pods Frameworks */,
			);
			buildRules = (
			);
			dependencies = (
			);
			name = "Happy App";
			productName = "Happy App";
			productReference = B5ED4B132091D165004FCD01 /* Happy App.app */;
			productType = "com.apple.product-type.application";
		};
/* End PBXNativeTarget section */

/* Begin PBXProject section */
		B5ED4B0B2091D165004FCD01 /* Project object */ = {
			isa = PBXProject;
			attributes = {
				LastSwiftUpdateCheck = 0940;
				LastUpgradeCheck = 0930;
				ORGANIZATIONNAME = UnalignedByte;
				TargetAttributes = {
					B56AC4FE20C32BD200111D65 = {
						CreatedOnToolsVersion = 9.4;
						LastSwiftMigration = 1000;
						TestTargetID = B5ED4B122091D165004FCD01;
					};
					B5ED4B122091D165004FCD01 = {
						CreatedOnToolsVersion = 9.3;
						LastSwiftMigration = 1000;
					};
				};
			};
			buildConfigurationList = B5ED4B0E2091D165004FCD01 /* Build configuration list for PBXProject "Happy App" */;
			compatibilityVersion = "Xcode 9.3";
			developmentRegion = en;
			hasScannedForEncodings = 0;
			knownRegions = (
				Base,
			);
			mainGroup = B5ED4B0A2091D165004FCD01;
			productRefGroup = B5ED4B142091D165004FCD01 /* Products */;
			projectDirPath = "";
			projectRoot = "";
			targets = (
				B5ED4B122091D165004FCD01 /* Happy App */,
				B56AC4FE20C32BD200111D65 /* Unit Tests */,
			);
		};
/* End PBXProject section */

/* Begin PBXResourcesBuildPhase section */
		B56AC4FD20C32BD200111D65 /* Resources */ = {
			isa = PBXResourcesBuildPhase;
			buildActionMask = 2147483647;
			files = (
				B593A22A20F1724A0010BE53 /* happiness_status.json in Resources */,
			);
			runOnlyForDeploymentPostprocessing = 0;
		};
		B5ED4B112091D165004FCD01 /* Resources */ = {
			isa = PBXResourcesBuildPhase;
			buildActionMask = 2147483647;
			files = (
				B56AC4FA20C324AE00111D65 /* LaunchScreen.storyboard in Resources */,
				B5ED4B1E2091D166004FCD01 /* Assets.xcassets in Resources */,
			);
			runOnlyForDeploymentPostprocessing = 0;
		};
/* End PBXResourcesBuildPhase section */

/* Begin PBXShellScriptBuildPhase section */
		30FFB93161D4FD22088AF697 /* [CP] Check Pods Manifest.lock */ = {
			isa = PBXShellScriptBuildPhase;
			buildActionMask = 2147483647;
			files = (
			);
			inputPaths = (
				"${PODS_PODFILE_DIR_PATH}/Podfile.lock",
				"${PODS_ROOT}/Manifest.lock",
			);
			name = "[CP] Check Pods Manifest.lock";
			outputPaths = (
				"$(DERIVED_FILE_DIR)/Pods-Happy App-checkManifestLockResult.txt",
			);
			runOnlyForDeploymentPostprocessing = 0;
			shellPath = /bin/sh;
			shellScript = "diff \"${PODS_PODFILE_DIR_PATH}/Podfile.lock\" \"${PODS_ROOT}/Manifest.lock\" > /dev/null\nif [ $? != 0 ] ; then\n    # print error to STDERR\n    echo \"error: The sandbox is not in sync with the Podfile.lock. Run 'pod install' or update your CocoaPods installation.\" >&2\n    exit 1\nfi\n# This output is used by Xcode 'outputs' to avoid re-running this script phase.\necho \"SUCCESS\" > \"${SCRIPT_OUTPUT_FILE_0}\"\n";
			showEnvVarsInLog = 0;
		};
		31894BCCB9E0F33EA72DF690 /* [CP] Embed Pods Frameworks */ = {
			isa = PBXShellScriptBuildPhase;
			buildActionMask = 2147483647;
			files = (
			);
			inputPaths = (
				"${SRCROOT}/Pods/Target Support Files/Pods-Happy App/Pods-Happy App-frameworks.sh",
				"${BUILT_PRODUCTS_DIR}/RxCocoa/RxCocoa.framework",
				"${BUILT_PRODUCTS_DIR}/RxSwift/RxSwift.framework",
			);
			name = "[CP] Embed Pods Frameworks";
			outputPaths = (
				"${TARGET_BUILD_DIR}/${FRAMEWORKS_FOLDER_PATH}/RxCocoa.framework",
				"${TARGET_BUILD_DIR}/${FRAMEWORKS_FOLDER_PATH}/RxSwift.framework",
			);
			runOnlyForDeploymentPostprocessing = 0;
			shellPath = /bin/sh;
			shellScript = "\"${SRCROOT}/Pods/Target Support Files/Pods-Happy App/Pods-Happy App-frameworks.sh\"\n";
			showEnvVarsInLog = 0;
		};
		4FC7A5F0E4C2E16CF2ABA261 /* [CP] Check Pods Manifest.lock */ = {
			isa = PBXShellScriptBuildPhase;
			buildActionMask = 2147483647;
			files = (
			);
			inputPaths = (
				"${PODS_PODFILE_DIR_PATH}/Podfile.lock",
				"${PODS_ROOT}/Manifest.lock",
			);
			name = "[CP] Check Pods Manifest.lock";
			outputPaths = (
				"$(DERIVED_FILE_DIR)/Pods-Unit Tests-checkManifestLockResult.txt",
			);
			runOnlyForDeploymentPostprocessing = 0;
			shellPath = /bin/sh;
			shellScript = "diff \"${PODS_PODFILE_DIR_PATH}/Podfile.lock\" \"${PODS_ROOT}/Manifest.lock\" > /dev/null\nif [ $? != 0 ] ; then\n    # print error to STDERR\n    echo \"error: The sandbox is not in sync with the Podfile.lock. Run 'pod install' or update your CocoaPods installation.\" >&2\n    exit 1\nfi\n# This output is used by Xcode 'outputs' to avoid re-running this script phase.\necho \"SUCCESS\" > \"${SCRIPT_OUTPUT_FILE_0}\"\n";
			showEnvVarsInLog = 0;
		};
		67F9A6BC67BBA65EFA21B3BE /* [CP] Embed Pods Frameworks */ = {
			isa = PBXShellScriptBuildPhase;
			buildActionMask = 2147483647;
			files = (
			);
			inputPaths = (
				"${SRCROOT}/Pods/Target Support Files/Pods-Unit Tests/Pods-Unit Tests-frameworks.sh",
				"${BUILT_PRODUCTS_DIR}/RxSwift/RxSwift.framework",
				"${BUILT_PRODUCTS_DIR}/RxBlocking/RxBlocking.framework",
				"${BUILT_PRODUCTS_DIR}/RxTest/RxTest.framework",
			);
			name = "[CP] Embed Pods Frameworks";
			outputPaths = (
				"${TARGET_BUILD_DIR}/${FRAMEWORKS_FOLDER_PATH}/RxSwift.framework",
				"${TARGET_BUILD_DIR}/${FRAMEWORKS_FOLDER_PATH}/RxBlocking.framework",
				"${TARGET_BUILD_DIR}/${FRAMEWORKS_FOLDER_PATH}/RxTest.framework",
			);
			runOnlyForDeploymentPostprocessing = 0;
			shellPath = /bin/sh;
			shellScript = "\"${SRCROOT}/Pods/Target Support Files/Pods-Unit Tests/Pods-Unit Tests-frameworks.sh\"\n";
			showEnvVarsInLog = 0;
		};
		B5C8268820C8474200E54635 /* run_swiftlint.sh */ = {
			isa = PBXShellScriptBuildPhase;
			buildActionMask = 2147483647;
			files = (
			);
			inputPaths = (
			);
			name = run_swiftlint.sh;
			outputPaths = (
			);
			runOnlyForDeploymentPostprocessing = 0;
			shellPath = /bin/sh;
			shellScript = "\"${SRCROOT}/Happy App/Scripts/run_swiftlint.sh\"";
		};
/* End PBXShellScriptBuildPhase section */

/* Begin PBXSourcesBuildPhase section */
		B56AC4FB20C32BD200111D65 /* Sources */ = {
			isa = PBXSourcesBuildPhase;
			buildActionMask = 2147483647;
			files = (
				B593A22420F167D60010BE53 /* MockDataFetcherInvalid.swift in Sources */,
				B593A22620F169410010BE53 /* MockDataFetcher.swift in Sources */,
				B593A22C20F1769C0010BE53 /* DataPusherTests.swift in Sources */,
				B5CD81B720EE7418009E0AD9 /* DataProviderTests.swift in Sources */,
				B593A22220F164300010BE53 /* DataFetcherTests.swift in Sources */,
			);
			runOnlyForDeploymentPostprocessing = 0;
		};
		B5ED4B0F2091D165004FCD01 /* Sources */ = {
			isa = PBXSourcesBuildPhase;
			buildActionMask = 2147483647;
			files = (
				B56AC50C20C32D7700111D65 /* UnitTestsAppDelegate.swift in Sources */,
				B593A22820F170420010BE53 /* HappinessStatus.swift in Sources */,
				B5CD81BC20EE77A2009E0AD9 /* Result.swift in Sources */,
				B56AC50A20C32CD300111D65 /* main.swift in Sources */,
				B593A22E20F177A10010BE53 /* DataPusher.swift in Sources */,
				B593A22020F1640A0010BE53 /* DataFetcher.swift in Sources */,
				B5CD81BA20EE7766009E0AD9 /* DataProvider.swift in Sources */,
				B5ED4B172091D165004FCD01 /* AppDelegate.swift in Sources */,
			);
			runOnlyForDeploymentPostprocessing = 0;
		};
/* End PBXSourcesBuildPhase section */

/* Begin PBXTargetDependency section */
		B56AC50520C32BD200111D65 /* PBXTargetDependency */ = {
			isa = PBXTargetDependency;
			target = B5ED4B122091D165004FCD01 /* Happy App */;
			targetProxy = B56AC50420C32BD200111D65 /* PBXContainerItemProxy */;
		};
/* End PBXTargetDependency section */

/* Begin XCBuildConfiguration section */
		B56AC50720C32BD200111D65 /* Debug */ = {
			isa = XCBuildConfiguration;
			baseConfigurationReference = C74301E44E4F3D21DD3F2320 /* Pods-Unit Tests.debug.xcconfig */;
			buildSettings = {
				BUNDLE_LOADER = "$(TEST_HOST)";
				CODE_SIGN_STYLE = Automatic;
				DEVELOPMENT_TEAM = X7G47FFC9G;
				INFOPLIST_FILE = "Happy App/Unit Tests/Supporting Files/Info.plist";
				IPHONEOS_DEPLOYMENT_TARGET = 11.4;
				LD_RUNPATH_SEARCH_PATHS = (
					"$(inherited)",
					"@executable_path/Frameworks",
					"@loader_path/Frameworks",
				);
				PRODUCT_BUNDLE_IDENTIFIER = com.unalignedbyte.unittests;
				PRODUCT_NAME = "$(TARGET_NAME)";
				TARGETED_DEVICE_FAMILY = "1,2";
				TEST_HOST = "$(BUILT_PRODUCTS_DIR)/Happy App.app/Happy App";
			};
			name = Debug;
		};
		B56AC50820C32BD200111D65 /* Release */ = {
			isa = XCBuildConfiguration;
			baseConfigurationReference = 16448F3080A8319D6060F4AF /* Pods-Unit Tests.release.xcconfig */;
			buildSettings = {
				BUNDLE_LOADER = "$(TEST_HOST)";
				CODE_SIGN_STYLE = Automatic;
				DEVELOPMENT_TEAM = X7G47FFC9G;
				INFOPLIST_FILE = "Happy App/Unit Tests/Supporting Files/Info.plist";
				IPHONEOS_DEPLOYMENT_TARGET = 11.4;
				LD_RUNPATH_SEARCH_PATHS = (
					"$(inherited)",
					"@executable_path/Frameworks",
					"@loader_path/Frameworks",
				);
				PRODUCT_BUNDLE_IDENTIFIER = com.unalignedbyte.unittests;
				PRODUCT_NAME = "$(TARGET_NAME)";
				TARGETED_DEVICE_FAMILY = "1,2";
				TEST_HOST = "$(BUILT_PRODUCTS_DIR)/Happy App.app/Happy App";
			};
			name = Release;
		};
		B5ED4B2E2091D166004FCD01 /* Debug */ = {
			isa = XCBuildConfiguration;
			buildSettings = {
				ALWAYS_SEARCH_USER_PATHS = NO;
				CLANG_ANALYZER_LOCALIZABILITY_NONLOCALIZED = YES;
				CLANG_ANALYZER_NONNULL = YES;
				CLANG_ANALYZER_NUMBER_OBJECT_CONVERSION = YES_AGGRESSIVE;
				CLANG_CXX_LANGUAGE_STANDARD = "gnu++14";
				CLANG_CXX_LIBRARY = "libc++";
				CLANG_ENABLE_MODULES = YES;
				CLANG_ENABLE_OBJC_ARC = YES;
				CLANG_ENABLE_OBJC_WEAK = YES;
				CLANG_WARN_BLOCK_CAPTURE_AUTORELEASING = YES;
				CLANG_WARN_BOOL_CONVERSION = YES;
				CLANG_WARN_COMMA = YES;
				CLANG_WARN_CONSTANT_CONVERSION = YES;
				CLANG_WARN_DEPRECATED_OBJC_IMPLEMENTATIONS = YES;
				CLANG_WARN_DIRECT_OBJC_ISA_USAGE = YES_ERROR;
				CLANG_WARN_DOCUMENTATION_COMMENTS = YES;
				CLANG_WARN_EMPTY_BODY = YES;
				CLANG_WARN_ENUM_CONVERSION = YES;
				CLANG_WARN_INFINITE_RECURSION = YES;
				CLANG_WARN_INT_CONVERSION = YES;
				CLANG_WARN_NON_LITERAL_NULL_CONVERSION = YES;
				CLANG_WARN_OBJC_IMPLICIT_RETAIN_SELF = YES;
				CLANG_WARN_OBJC_LITERAL_CONVERSION = YES;
				CLANG_WARN_OBJC_ROOT_CLASS = YES_ERROR;
				CLANG_WARN_RANGE_LOOP_ANALYSIS = YES;
				CLANG_WARN_STRICT_PROTOTYPES = YES;
				CLANG_WARN_SUSPICIOUS_MOVE = YES;
				CLANG_WARN_UNGUARDED_AVAILABILITY = YES_AGGRESSIVE;
				CLANG_WARN_UNREACHABLE_CODE = YES;
				CLANG_WARN__DUPLICATE_METHOD_MATCH = YES;
				CODE_SIGN_IDENTITY = "iPhone Developer";
				COPY_PHASE_STRIP = NO;
				DEBUG_INFORMATION_FORMAT = dwarf;
				ENABLE_STRICT_OBJC_MSGSEND = YES;
				ENABLE_TESTABILITY = YES;
				GCC_C_LANGUAGE_STANDARD = gnu11;
				GCC_DYNAMIC_NO_PIC = NO;
				GCC_NO_COMMON_BLOCKS = YES;
				GCC_OPTIMIZATION_LEVEL = 0;
				GCC_PREPROCESSOR_DEFINITIONS = (
					"DEBUG=1",
					"$(inherited)",
				);
				GCC_WARN_64_TO_32_BIT_CONVERSION = YES;
				GCC_WARN_ABOUT_RETURN_TYPE = YES_ERROR;
				GCC_WARN_UNDECLARED_SELECTOR = YES;
				GCC_WARN_UNINITIALIZED_AUTOS = YES_AGGRESSIVE;
				GCC_WARN_UNUSED_FUNCTION = YES;
				GCC_WARN_UNUSED_VARIABLE = YES;
				IPHONEOS_DEPLOYMENT_TARGET = 11.0;
				MTL_ENABLE_DEBUG_INFO = YES;
				ONLY_ACTIVE_ARCH = YES;
				SDKROOT = iphoneos;
				SWIFT_ACTIVE_COMPILATION_CONDITIONS = DEBUG;
				SWIFT_OPTIMIZATION_LEVEL = "-Onone";
				SWIFT_VERSION = 4.2;
			};
			name = Debug;
		};
		B5ED4B2F2091D166004FCD01 /* Release */ = {
			isa = XCBuildConfiguration;
			buildSettings = {
				ALWAYS_SEARCH_USER_PATHS = NO;
				CLANG_ANALYZER_LOCALIZABILITY_NONLOCALIZED = YES;
				CLANG_ANALYZER_NONNULL = YES;
				CLANG_ANALYZER_NUMBER_OBJECT_CONVERSION = YES_AGGRESSIVE;
				CLANG_CXX_LANGUAGE_STANDARD = "gnu++14";
				CLANG_CXX_LIBRARY = "libc++";
				CLANG_ENABLE_MODULES = YES;
				CLANG_ENABLE_OBJC_ARC = YES;
				CLANG_ENABLE_OBJC_WEAK = YES;
				CLANG_WARN_BLOCK_CAPTURE_AUTORELEASING = YES;
				CLANG_WARN_BOOL_CONVERSION = YES;
				CLANG_WARN_COMMA = YES;
				CLANG_WARN_CONSTANT_CONVERSION = YES;
				CLANG_WARN_DEPRECATED_OBJC_IMPLEMENTATIONS = YES;
				CLANG_WARN_DIRECT_OBJC_ISA_USAGE = YES_ERROR;
				CLANG_WARN_DOCUMENTATION_COMMENTS = YES;
				CLANG_WARN_EMPTY_BODY = YES;
				CLANG_WARN_ENUM_CONVERSION = YES;
				CLANG_WARN_INFINITE_RECURSION = YES;
				CLANG_WARN_INT_CONVERSION = YES;
				CLANG_WARN_NON_LITERAL_NULL_CONVERSION = YES;
				CLANG_WARN_OBJC_IMPLICIT_RETAIN_SELF = YES;
				CLANG_WARN_OBJC_LITERAL_CONVERSION = YES;
				CLANG_WARN_OBJC_ROOT_CLASS = YES_ERROR;
				CLANG_WARN_RANGE_LOOP_ANALYSIS = YES;
				CLANG_WARN_STRICT_PROTOTYPES = YES;
				CLANG_WARN_SUSPICIOUS_MOVE = YES;
				CLANG_WARN_UNGUARDED_AVAILABILITY = YES_AGGRESSIVE;
				CLANG_WARN_UNREACHABLE_CODE = YES;
				CLANG_WARN__DUPLICATE_METHOD_MATCH = YES;
				CODE_SIGN_IDENTITY = "iPhone Developer";
				COPY_PHASE_STRIP = NO;
				DEBUG_INFORMATION_FORMAT = "dwarf-with-dsym";
				ENABLE_NS_ASSERTIONS = NO;
				ENABLE_STRICT_OBJC_MSGSEND = YES;
				GCC_C_LANGUAGE_STANDARD = gnu11;
				GCC_NO_COMMON_BLOCKS = YES;
				GCC_WARN_64_TO_32_BIT_CONVERSION = YES;
				GCC_WARN_ABOUT_RETURN_TYPE = YES_ERROR;
				GCC_WARN_UNDECLARED_SELECTOR = YES;
				GCC_WARN_UNINITIALIZED_AUTOS = YES_AGGRESSIVE;
				GCC_WARN_UNUSED_FUNCTION = YES;
				GCC_WARN_UNUSED_VARIABLE = YES;
				IPHONEOS_DEPLOYMENT_TARGET = 11.0;
				MTL_ENABLE_DEBUG_INFO = NO;
				SDKROOT = iphoneos;
				SWIFT_COMPILATION_MODE = wholemodule;
				SWIFT_OPTIMIZATION_LEVEL = "-O";
				SWIFT_VERSION = 4.2;
				VALIDATE_PRODUCT = YES;
			};
			name = Release;
		};
		B5ED4B312091D166004FCD01 /* Debug */ = {
			isa = XCBuildConfiguration;
			baseConfigurationReference = 2B79FCC9BB2859C765F08850 /* Pods-Happy App.debug.xcconfig */;
			buildSettings = {
				ASSETCATALOG_COMPILER_APPICON_NAME = AppIcon;
				CODE_SIGN_STYLE = Automatic;
				DEVELOPMENT_TEAM = X7G47FFC9G;
				INFOPLIST_FILE = "Happy App/Supporting Files/Info.plist";
				LD_RUNPATH_SEARCH_PATHS = (
					"$(inherited)",
					"@executable_path/Frameworks",
				);
				PRODUCT_BUNDLE_IDENTIFIER = com.unalignedbyte.happyapp;
				PRODUCT_MODULE_NAME = happyapp;
				PRODUCT_NAME = "$(TARGET_NAME)";
				TARGETED_DEVICE_FAMILY = 1;
			};
			name = Debug;
		};
		B5ED4B322091D166004FCD01 /* Release */ = {
			isa = XCBuildConfiguration;
			baseConfigurationReference = C0D65A52FCEA28164AE243E9 /* Pods-Happy App.release.xcconfig */;
			buildSettings = {
				ASSETCATALOG_COMPILER_APPICON_NAME = AppIcon;
				CODE_SIGN_STYLE = Automatic;
				DEVELOPMENT_TEAM = X7G47FFC9G;
				INFOPLIST_FILE = "Happy App/Supporting Files/Info.plist";
				LD_RUNPATH_SEARCH_PATHS = (
					"$(inherited)",
					"@executable_path/Frameworks",
				);
				PRODUCT_BUNDLE_IDENTIFIER = com.unalignedbyte.happyapp;
				PRODUCT_MODULE_NAME = happyapp;
				PRODUCT_NAME = "$(TARGET_NAME)";
				TARGETED_DEVICE_FAMILY = 1;
			};
			name = Release;
		};
/* End XCBuildConfiguration section */

/* Begin XCConfigurationList section */
		B56AC50620C32BD200111D65 /* Build configuration list for PBXNativeTarget "Unit Tests" */ = {
			isa = XCConfigurationList;
			buildConfigurations = (
				B56AC50720C32BD200111D65 /* Debug */,
				B56AC50820C32BD200111D65 /* Release */,
			);
			defaultConfigurationIsVisible = 0;
			defaultConfigurationName = Release;
		};
		B5ED4B0E2091D165004FCD01 /* Build configuration list for PBXProject "Happy App" */ = {
			isa = XCConfigurationList;
			buildConfigurations = (
				B5ED4B2E2091D166004FCD01 /* Debug */,
				B5ED4B2F2091D166004FCD01 /* Release */,
			);
			defaultConfigurationIsVisible = 0;
			defaultConfigurationName = Release;
		};
		B5ED4B302091D166004FCD01 /* Build configuration list for PBXNativeTarget "Happy App" */ = {
			isa = XCConfigurationList;
			buildConfigurations = (
				B5ED4B312091D166004FCD01 /* Debug */,
				B5ED4B322091D166004FCD01 /* Release */,
			);
			defaultConfigurationIsVisible = 0;
			defaultConfigurationName = Release;
		};
/* End XCConfigurationList section */
	};
	rootObject = B5ED4B0B2091D165004FCD01 /* Project object */;
}
